
Microsoft Visual Studio Solution File, Format Version 12.00
# Visual Studio Version 17
VisualStudioVersion = 17.11.35208.52
MinimumVisualStudioVersion = 10.0.40219.1
Project("{FAE04EC0-301F-11D3-BF4B-00C04F79EFBC}") = "Fantasy.Backend", "Fantasy.Backend\Fantasy.Backend.csproj", "{3196D15E-BAEF-499A-B19B-81FBAD3C3FA3}"
EndProject
Project("{FAE04EC0-301F-11D3-BF4B-00C04F79EFBC}") = "Fantasy. Frontend", "Fantasy. Frontend\Fantasy. Frontend.csproj", "{D6930876-9C7C-4397-A7F2-9C5CAC1F2E2E}"
EndProject
Project("{FAE04EC0-301F-11D3-BF4B-00C04F79EFBC}") = "Fantasy.Shared", "Fantasy.Shared\Fantasy.Shared.csproj", "{A07B5D15-8D4B-4B36-9A4E-BBF568E14406}"
EndProject
Project("{FAE04EC0-301F-11D3-BF4B-00C04F79EFBC}") = "Fantasy.Tests", "Fantasy.Tests\Fantasy.Tests.csproj", "{8D205CA8-9055-4B70-8C9A-7DD2C57309D7}"
EndProject
Global
	GlobalSection(SolutionConfigurationPlatforms) = preSolution
		Debug|Any CPU = Debug|Any CPU
		Release|Any CPU = Release|Any CPU
	EndGlobalSection
	GlobalSection(ProjectConfigurationPlatforms) = postSolution
		{3196D15E-BAEF-499A-B19B-81FBAD3C3FA3}.Debug|Any CPU.ActiveCfg = Debug|Any CPU
		{3196D15E-BAEF-499A-B19B-81FBAD3C3FA3}.Debug|Any CPU.Build.0 = Debug|Any CPU
		{3196D15E-BAEF-499A-B19B-81FBAD3C3FA3}.Release|Any CPU.ActiveCfg = Release|Any CPU
		{3196D15E-BAEF-499A-B19B-81FBAD3C3FA3}.Release|Any CPU.Build.0 = Release|Any CPU
		{D6930876-9C7C-4397-A7F2-9C5CAC1F2E2E}.Debug|Any CPU.ActiveCfg = Debug|Any CPU
		{D6930876-9C7C-4397-A7F2-9C5CAC1F2E2E}.Debug|Any CPU.Build.0 = Debug|Any CPU
		{D6930876-9C7C-4397-A7F2-9C5CAC1F2E2E}.Release|Any CPU.ActiveCfg = Release|Any CPU
		{D6930876-9C7C-4397-A7F2-9C5CAC1F2E2E}.Release|Any CPU.Build.0 = Release|Any CPU
		{A07B5D15-8D4B-4B36-9A4E-BBF568E14406}.Debug|Any CPU.ActiveCfg = Debug|Any CPU
		{A07B5D15-8D4B-4B36-9A4E-BBF568E14406}.Debug|Any CPU.Build.0 = Debug|Any CPU
		{A07B5D15-8D4B-4B36-9A4E-BBF568E14406}.Release|Any CPU.ActiveCfg = Release|Any CPU
		{A07B5D15-8D4B-4B36-9A4E-BBF568E14406}.Release|Any CPU.Build.0 = Release|Any CPU
		{8D205CA8-9055-4B70-8C9A-7DD2C57309D7}.Debug|Any CPU.ActiveCfg = Debug|Any CPU
		{8D205CA8-9055-4B70-8C9A-7DD2C57309D7}.Debug|Any CPU.Build.0 = Debug|Any CPU
		{8D205CA8-9055-4B70-8C9A-7DD2C57309D7}.Release|Any CPU.ActiveCfg = Release|Any CPU
		{8D205CA8-9055-4B70-8C9A-7DD2C57309D7}.Release|Any CPU.Build.0 = Release|Any CPU
	EndGlobalSection
	GlobalSection(SolutionProperties) = preSolution
		HideSolutionNode = FALSE
	EndGlobalSection
	GlobalSection(ExtensibilityGlobals) = postSolution
		SolutionGuid = {4AA5298D-FB65-4D76-8B2C-15D9AA692832}
	EndGlobalSection
EndGlobal
